
Microsoft Visual Studio Solution File, Format Version 12.00
# Visual Studio Version 17
VisualStudioVersion = 17.13.35825.156
MinimumVisualStudioVersion = 10.0.40219.1
Project("{FAE04EC0-301F-11D3-BF4B-00C04F79EFBC}") = "BuscanMiTragoMvc", "BuscanMiTragoMvc\BuscanMiTragoMvc.csproj", "{F44DBC6B-4D33-454C-BA8E-CC9CB3C4F0D1}"
EndProject
Global
	GlobalSection(SolutionConfigurationPlatforms) = preSolution
		Debug|Any CPU = Debug|Any CPU
		Release|Any CPU = Release|Any CPU
	EndGlobalSection
	GlobalSection(ProjectConfigurationPlatforms) = postSolution
		{F44DBC6B-4D33-454C-BA8E-CC9CB3C4F0D1}.Debug|Any CPU.ActiveCfg = Debug|Any CPU
		{F44DBC6B-4D33-454C-BA8E-CC9CB3C4F0D1}.Debug|Any CPU.Build.0 = Debug|Any CPU
		{F44DBC6B-4D33-454C-BA8E-CC9CB3C4F0D1}.Release|Any CPU.ActiveCfg = Release|Any CPU
		{F44DBC6B-4D33-454C-BA8E-CC9CB3C4F0D1}.Release|Any CPU.Build.0 = Release|Any CPU
	EndGlobalSection
	GlobalSection(SolutionProperties) = preSolution
		HideSolutionNode = FALSE
	EndGlobalSection
	GlobalSection(ExtensibilityGlobals) = postSolution
		SolutionGuid = {E9AD569C-2B37-4B63-83AE-46EEB0CA9556}
	EndGlobalSection
EndGlobal
