Microsoft Visual Studio Solution File, Format Version 12.00
# Visual Studio Version 17
VisualStudioVersion = 17.5.2.0
MinimumVisualStudioVersion = 10.0.40219.1
Project("{FAE04EC0-301F-11D3-BF4B-00C04F79EFBC}") = "BuscanMiTragoMvc", "BuscanMiTragoMvc.csproj", "{4A7FF9B2-4EC4-1239-C1ED-A79B625E2A9C}"
EndProject
Global
	GlobalSection(SolutionConfigurationPlatforms) = preSolution
		Debug|Any CPU = Debug|Any CPU
		Release|Any CPU = Release|Any CPU
	EndGlobalSection
	GlobalSection(ProjectConfigurationPlatforms) = postSolution
		{4A7FF9B2-4EC4-1239-C1ED-A79B625E2A9C}.Debug|Any CPU.ActiveCfg = Debug|Any CPU
		{4A7FF9B2-4EC4-1239-C1ED-A79B625E2A9C}.Debug|Any CPU.Build.0 = Debug|Any CPU
		{4A7FF9B2-4EC4-1239-C1ED-A79B625E2A9C}.Release|Any CPU.ActiveCfg = Release|Any CPU
		{4A7FF9B2-4EC4-1239-C1ED-A79B625E2A9C}.Release|Any CPU.Build.0 = Release|Any CPU
	EndGlobalSection
	GlobalSection(SolutionProperties) = preSolution
		HideSolutionNode = FALSE
	EndGlobalSection
	GlobalSection(ExtensibilityGlobals) = postSolution
		SolutionGuid = {DA04FB31-1349-42DF-881E-5F22F08B1094}
	EndGlobalSection
EndGlobal
